
Microsoft Visual Studio Solution File, Format Version 12.00
# Visual Studio 15
VisualStudioVersion = 15.0.28307.421
MinimumVisualStudioVersion = 10.0.40219.1
Project("{FAE04EC0-301F-11D3-BF4B-00C04F79EFBC}") = "StomatoloskaOrdinacija.Web", "StomatoloskaOrdinacija\StomatoloskaOrdinacija.Web.csproj", "{9D40D381-DFD0-4C4F-AE72-A5AA04EDF010}"
EndProject
Project("{FAE04EC0-301F-11D3-BF4B-00C04F79EFBC}") = "StomatoloskaOrdinacija.Domain", "StomatoloskaOrdinacija.Domain\StomatoloskaOrdinacija.Domain.csproj", "{E4C61BAC-6C21-4535-A469-39A9714D4E38}"
EndProject
Project("{FAE04EC0-301F-11D3-BF4B-00C04F79EFBC}") = "StomatoloskaOrdinacija.DAL", "StomatoloskaOrdinacija.DAL\StomatoloskaOrdinacija.DAL.csproj", "{D5F63186-E99F-4D4A-A655-C6402F1A4C5B}"
EndProject
Project("{FAE04EC0-301F-11D3-BF4B-00C04F79EFBC}") = "StomatoloskaOrdinacija.Reports", "StomatoloskaOrdinacija.Reports\StomatoloskaOrdinacija.Reports.csproj", "{0F324DFA-B845-46FB-AD50-3712F359528A}"
EndProject
Global
	GlobalSection(SolutionConfigurationPlatforms) = preSolution
		Debug|Any CPU = Debug|Any CPU
		Release|Any CPU = Release|Any CPU
	EndGlobalSection
	GlobalSection(ProjectConfigurationPlatforms) = postSolution
		{9D40D381-DFD0-4C4F-AE72-A5AA04EDF010}.Debug|Any CPU.ActiveCfg = Debug|Any CPU
		{9D40D381-DFD0-4C4F-AE72-A5AA04EDF010}.Debug|Any CPU.Build.0 = Debug|Any CPU
		{9D40D381-DFD0-4C4F-AE72-A5AA04EDF010}.Release|Any CPU.ActiveCfg = Release|Any CPU
		{9D40D381-DFD0-4C4F-AE72-A5AA04EDF010}.Release|Any CPU.Build.0 = Release|Any CPU
		{E4C61BAC-6C21-4535-A469-39A9714D4E38}.Debug|Any CPU.ActiveCfg = Debug|Any CPU
		{E4C61BAC-6C21-4535-A469-39A9714D4E38}.Debug|Any CPU.Build.0 = Debug|Any CPU
		{E4C61BAC-6C21-4535-A469-39A9714D4E38}.Release|Any CPU.ActiveCfg = Release|Any CPU
		{E4C61BAC-6C21-4535-A469-39A9714D4E38}.Release|Any CPU.Build.0 = Release|Any CPU
		{D5F63186-E99F-4D4A-A655-C6402F1A4C5B}.Debug|Any CPU.ActiveCfg = Debug|Any CPU
		{D5F63186-E99F-4D4A-A655-C6402F1A4C5B}.Debug|Any CPU.Build.0 = Debug|Any CPU
		{D5F63186-E99F-4D4A-A655-C6402F1A4C5B}.Release|Any CPU.ActiveCfg = Release|Any CPU
		{D5F63186-E99F-4D4A-A655-C6402F1A4C5B}.Release|Any CPU.Build.0 = Release|Any CPU
		{0F324DFA-B845-46FB-AD50-3712F359528A}.Debug|Any CPU.ActiveCfg = Debug|Any CPU
		{0F324DFA-B845-46FB-AD50-3712F359528A}.Debug|Any CPU.Build.0 = Debug|Any CPU
		{0F324DFA-B845-46FB-AD50-3712F359528A}.Release|Any CPU.ActiveCfg = Release|Any CPU
		{0F324DFA-B845-46FB-AD50-3712F359528A}.Release|Any CPU.Build.0 = Release|Any CPU
	EndGlobalSection
	GlobalSection(SolutionProperties) = preSolution
		HideSolutionNode = FALSE
	EndGlobalSection
	GlobalSection(ExtensibilityGlobals) = postSolution
		SolutionGuid = {EDFD1EEA-2A69-44ED-A026-F0D08FBE4BD8}
	EndGlobalSection
EndGlobal
